
Microsoft Visual Studio Solution File, Format Version 10.00
# Visual Studio 2008
Project("{FAE04EC0-301F-11D3-BF4B-00C04F79EFBC}") = "ReceivingDockWM5", "ReceivingDock\ReceivingDockWM5\ReceivingDockWM5.csproj", "{C9C5A70F-DE26-45F5-BA0C-008538840B23}"
EndProject
Project("{FAE04EC0-301F-11D3-BF4B-00C04F79EFBC}") = "ReceivingDockData", "ReceivingDock\ReceivingDockData\ReceivingDockData.csproj", "{DD7C0C98-6464-4362-A23E-19CD6FA5F9CA}"
EndProject
Project("{FAE04EC0-301F-11D3-BF4B-00C04F79EFBC}") = "CommonData", "CommonData\7-26-2010\CommonData.csproj", "{041D2313-2AC5-49D2-AB13-458CF7E21FD0}"
EndProject
Project("{FAE04EC0-301F-11D3-BF4B-00C04F79EFBC}") = "SymbolRFGun", "SymbolRFGun\SymbolRFGun.csproj", "{6C13AF88-615C-44D3-B8AB-90F27A3B5B4C}"
EndProject
Global
	GlobalSection(SolutionConfigurationPlatforms) = preSolution
		Debug|Any CPU = Debug|Any CPU
		Release|Any CPU = Release|Any CPU
	EndGlobalSection
	GlobalSection(ProjectConfigurationPlatforms) = postSolution
		{C9C5A70F-DE26-45F5-BA0C-008538840B23}.Debug|Any CPU.ActiveCfg = Debug|Any CPU
		{C9C5A70F-DE26-45F5-BA0C-008538840B23}.Debug|Any CPU.Build.0 = Debug|Any CPU
		{C9C5A70F-DE26-45F5-BA0C-008538840B23}.Debug|Any CPU.Deploy.0 = Debug|Any CPU
		{C9C5A70F-DE26-45F5-BA0C-008538840B23}.Release|Any CPU.ActiveCfg = Release|Any CPU
		{C9C5A70F-DE26-45F5-BA0C-008538840B23}.Release|Any CPU.Build.0 = Release|Any CPU
		{C9C5A70F-DE26-45F5-BA0C-008538840B23}.Release|Any CPU.Deploy.0 = Release|Any CPU
		{DD7C0C98-6464-4362-A23E-19CD6FA5F9CA}.Debug|Any CPU.ActiveCfg = Debug|Any CPU
		{DD7C0C98-6464-4362-A23E-19CD6FA5F9CA}.Debug|Any CPU.Build.0 = Debug|Any CPU
		{DD7C0C98-6464-4362-A23E-19CD6FA5F9CA}.Release|Any CPU.ActiveCfg = Release|Any CPU
		{DD7C0C98-6464-4362-A23E-19CD6FA5F9CA}.Release|Any CPU.Build.0 = Release|Any CPU
		{041D2313-2AC5-49D2-AB13-458CF7E21FD0}.Debug|Any CPU.ActiveCfg = Debug|Any CPU
		{041D2313-2AC5-49D2-AB13-458CF7E21FD0}.Debug|Any CPU.Build.0 = Debug|Any CPU
		{041D2313-2AC5-49D2-AB13-458CF7E21FD0}.Release|Any CPU.ActiveCfg = Release|Any CPU
		{041D2313-2AC5-49D2-AB13-458CF7E21FD0}.Release|Any CPU.Build.0 = Release|Any CPU
		{6C13AF88-615C-44D3-B8AB-90F27A3B5B4C}.Debug|Any CPU.ActiveCfg = Debug|Any CPU
		{6C13AF88-615C-44D3-B8AB-90F27A3B5B4C}.Debug|Any CPU.Build.0 = Debug|Any CPU
		{6C13AF88-615C-44D3-B8AB-90F27A3B5B4C}.Release|Any CPU.ActiveCfg = Release|Any CPU
		{6C13AF88-615C-44D3-B8AB-90F27A3B5B4C}.Release|Any CPU.Build.0 = Release|Any CPU
	EndGlobalSection
	GlobalSection(SolutionProperties) = preSolution
		HideSolutionNode = FALSE
	EndGlobalSection
EndGlobal
