
Microsoft Visual Studio Solution File, Format Version 12.00
# Visual Studio 2012
Project("{FAE04EC0-301F-11D3-BF4B-00C04F79EFBC}") = "ImportLogisticsVarianceData", "ImportLogisticsVarianceData\ImportLogisticsVarianceData.csproj", "{9F820485-962E-4F9B-9206-3DEE0F5F6630}"
EndProject
Project("{FAE04EC0-301F-11D3-BF4B-00C04F79EFBC}") = "Fx.WinForms.Flat", "Fx.WinForms.Flat\Fx.WinForms.Flat.csproj", "{5E3C1188-AF29-46E7-8371-D3EEB667C8A1}"
EndProject
Global
	GlobalSection(SolutionConfigurationPlatforms) = preSolution
		Debug|Any CPU = Debug|Any CPU
		Release|Any CPU = Release|Any CPU
	EndGlobalSection
	GlobalSection(ProjectConfigurationPlatforms) = postSolution
		{9F820485-962E-4F9B-9206-3DEE0F5F6630}.Debug|Any CPU.ActiveCfg = Debug|Any CPU
		{9F820485-962E-4F9B-9206-3DEE0F5F6630}.Debug|Any CPU.Build.0 = Debug|Any CPU
		{9F820485-962E-4F9B-9206-3DEE0F5F6630}.Release|Any CPU.ActiveCfg = Release|Any CPU
		{9F820485-962E-4F9B-9206-3DEE0F5F6630}.Release|Any CPU.Build.0 = Release|Any CPU
		{5E3C1188-AF29-46E7-8371-D3EEB667C8A1}.Debug|Any CPU.ActiveCfg = Debug|Any CPU
		{5E3C1188-AF29-46E7-8371-D3EEB667C8A1}.Debug|Any CPU.Build.0 = Debug|Any CPU
		{5E3C1188-AF29-46E7-8371-D3EEB667C8A1}.Release|Any CPU.ActiveCfg = Release|Any CPU
		{5E3C1188-AF29-46E7-8371-D3EEB667C8A1}.Release|Any CPU.Build.0 = Release|Any CPU
	EndGlobalSection
	GlobalSection(SolutionProperties) = preSolution
		HideSolutionNode = FALSE
	EndGlobalSection
EndGlobal
