
Microsoft Visual Studio Solution File, Format Version 10.00
# Visual Studio 2008
Project("{FAE04EC0-301F-11D3-BF4B-00C04F79EFBC}") = "SymbolRFGun", "..\Common\SymbolRFGun\SymbolRFGun.csproj", "{3A628CEE-EAE1-4A6F-9908-779B5C93AFD3}"
EndProject
Project("{FAE04EC0-301F-11D3-BF4B-00C04F79EFBC}") = "Connection", "..\Common\Connection\Connection.csproj", "{60DB29CD-0F27-473A-B42B-64240BE3E8AC}"
EndProject
Project("{2150E333-8FDC-42A3-9474-1A3956D46DE8}") = "Common", "Common", "{B2FEA853-1393-4C21-B7A7-75310791A81B}"
EndProject
Project("{2150E333-8FDC-42A3-9474-1A3956D46DE8}") = "Apps", "Apps", "{021A18B6-5A21-4227-89E0-F1E75D9FE90B}"
EndProject
Project("{FAE04EC0-301F-11D3-BF4B-00C04F79EFBC}") = "SuperObject", "SuperObject\SuperObject.csproj", "{0C53D573-DE86-4609-A1C0-E847E01C1DB1}"
EndProject
Project("{FAE04EC0-301F-11D3-BF4B-00C04F79EFBC}") = "CommonData", "CommonData\CommonData.csproj", "{6B530333-301D-40D3-B56B-A696C9FB4F69}"
EndProject
Project("{FAE04EC0-301F-11D3-BF4B-00C04F79EFBC}") = "Controls", "..\Common\Controls\Controls.csproj", "{5ABA4FEA-4FBC-4B45-824E-3BF8623C2DB8}"
EndProject
Project("{FAE04EC0-301F-11D3-BF4B-00C04F79EFBC}") = "DataLayer", "..\Common\DataLayer\DataLayer.csproj", "{BD16241A-A893-4868-B9BE-6FCB659DF41F}"
EndProject
Global
	GlobalSection(SolutionConfigurationPlatforms) = preSolution
		CycleCount|Any CPU = CycleCount|Any CPU
		Debug|Any CPU = Debug|Any CPU
		Pallets|Any CPU = Pallets|Any CPU
		Release|Any CPU = Release|Any CPU
		Repack|Any CPU = Repack|Any CPU
		RFReceiving|Any CPU = RFReceiving|Any CPU
		Transfers|Any CPU = Transfers|Any CPU
	EndGlobalSection
	GlobalSection(ProjectConfigurationPlatforms) = postSolution
		{3A628CEE-EAE1-4A6F-9908-779B5C93AFD3}.CycleCount|Any CPU.ActiveCfg = CycleCount|Any CPU
		{3A628CEE-EAE1-4A6F-9908-779B5C93AFD3}.CycleCount|Any CPU.Build.0 = CycleCount|Any CPU
		{3A628CEE-EAE1-4A6F-9908-779B5C93AFD3}.Debug|Any CPU.ActiveCfg = Debug|Any CPU
		{3A628CEE-EAE1-4A6F-9908-779B5C93AFD3}.Debug|Any CPU.Build.0 = Debug|Any CPU
		{3A628CEE-EAE1-4A6F-9908-779B5C93AFD3}.Pallets|Any CPU.ActiveCfg = Pallets|Any CPU
		{3A628CEE-EAE1-4A6F-9908-779B5C93AFD3}.Pallets|Any CPU.Build.0 = Pallets|Any CPU
		{3A628CEE-EAE1-4A6F-9908-779B5C93AFD3}.Release|Any CPU.ActiveCfg = Release|Any CPU
		{3A628CEE-EAE1-4A6F-9908-779B5C93AFD3}.Release|Any CPU.Build.0 = Release|Any CPU
		{3A628CEE-EAE1-4A6F-9908-779B5C93AFD3}.Repack|Any CPU.ActiveCfg = Repack|Any CPU
		{3A628CEE-EAE1-4A6F-9908-779B5C93AFD3}.Repack|Any CPU.Build.0 = Repack|Any CPU
		{3A628CEE-EAE1-4A6F-9908-779B5C93AFD3}.RFReceiving|Any CPU.ActiveCfg = RFReceiving|Any CPU
		{3A628CEE-EAE1-4A6F-9908-779B5C93AFD3}.RFReceiving|Any CPU.Build.0 = RFReceiving|Any CPU
		{3A628CEE-EAE1-4A6F-9908-779B5C93AFD3}.Transfers|Any CPU.ActiveCfg = Transfers|Any CPU
		{3A628CEE-EAE1-4A6F-9908-779B5C93AFD3}.Transfers|Any CPU.Build.0 = Transfers|Any CPU
		{60DB29CD-0F27-473A-B42B-64240BE3E8AC}.CycleCount|Any CPU.ActiveCfg = CycleCount|Any CPU
		{60DB29CD-0F27-473A-B42B-64240BE3E8AC}.CycleCount|Any CPU.Build.0 = CycleCount|Any CPU
		{60DB29CD-0F27-473A-B42B-64240BE3E8AC}.Debug|Any CPU.ActiveCfg = Debug|Any CPU
		{60DB29CD-0F27-473A-B42B-64240BE3E8AC}.Debug|Any CPU.Build.0 = Debug|Any CPU
		{60DB29CD-0F27-473A-B42B-64240BE3E8AC}.Pallets|Any CPU.ActiveCfg = Pallets|Any CPU
		{60DB29CD-0F27-473A-B42B-64240BE3E8AC}.Pallets|Any CPU.Build.0 = Pallets|Any CPU
		{60DB29CD-0F27-473A-B42B-64240BE3E8AC}.Release|Any CPU.ActiveCfg = Release|Any CPU
		{60DB29CD-0F27-473A-B42B-64240BE3E8AC}.Release|Any CPU.Build.0 = Release|Any CPU
		{60DB29CD-0F27-473A-B42B-64240BE3E8AC}.Repack|Any CPU.ActiveCfg = Repack|Any CPU
		{60DB29CD-0F27-473A-B42B-64240BE3E8AC}.Repack|Any CPU.Build.0 = Repack|Any CPU
		{60DB29CD-0F27-473A-B42B-64240BE3E8AC}.RFReceiving|Any CPU.ActiveCfg = RFReceiving|Any CPU
		{60DB29CD-0F27-473A-B42B-64240BE3E8AC}.RFReceiving|Any CPU.Build.0 = RFReceiving|Any CPU
		{60DB29CD-0F27-473A-B42B-64240BE3E8AC}.Transfers|Any CPU.ActiveCfg = Transfers|Any CPU
		{60DB29CD-0F27-473A-B42B-64240BE3E8AC}.Transfers|Any CPU.Build.0 = Transfers|Any CPU
		{0C53D573-DE86-4609-A1C0-E847E01C1DB1}.CycleCount|Any CPU.ActiveCfg = Release|Any CPU
		{0C53D573-DE86-4609-A1C0-E847E01C1DB1}.CycleCount|Any CPU.Build.0 = Release|Any CPU
		{0C53D573-DE86-4609-A1C0-E847E01C1DB1}.CycleCount|Any CPU.Deploy.0 = Release|Any CPU
		{0C53D573-DE86-4609-A1C0-E847E01C1DB1}.Debug|Any CPU.ActiveCfg = Debug|Any CPU
		{0C53D573-DE86-4609-A1C0-E847E01C1DB1}.Debug|Any CPU.Build.0 = Debug|Any CPU
		{0C53D573-DE86-4609-A1C0-E847E01C1DB1}.Debug|Any CPU.Deploy.0 = Debug|Any CPU
		{0C53D573-DE86-4609-A1C0-E847E01C1DB1}.Pallets|Any CPU.ActiveCfg = Release|Any CPU
		{0C53D573-DE86-4609-A1C0-E847E01C1DB1}.Pallets|Any CPU.Build.0 = Release|Any CPU
		{0C53D573-DE86-4609-A1C0-E847E01C1DB1}.Pallets|Any CPU.Deploy.0 = Release|Any CPU
		{0C53D573-DE86-4609-A1C0-E847E01C1DB1}.Release|Any CPU.ActiveCfg = Release|Any CPU
		{0C53D573-DE86-4609-A1C0-E847E01C1DB1}.Release|Any CPU.Build.0 = Release|Any CPU
		{0C53D573-DE86-4609-A1C0-E847E01C1DB1}.Release|Any CPU.Deploy.0 = Release|Any CPU
		{0C53D573-DE86-4609-A1C0-E847E01C1DB1}.Repack|Any CPU.ActiveCfg = Release|Any CPU
		{0C53D573-DE86-4609-A1C0-E847E01C1DB1}.Repack|Any CPU.Build.0 = Release|Any CPU
		{0C53D573-DE86-4609-A1C0-E847E01C1DB1}.Repack|Any CPU.Deploy.0 = Release|Any CPU
		{0C53D573-DE86-4609-A1C0-E847E01C1DB1}.RFReceiving|Any CPU.ActiveCfg = Release|Any CPU
		{0C53D573-DE86-4609-A1C0-E847E01C1DB1}.RFReceiving|Any CPU.Build.0 = Release|Any CPU
		{0C53D573-DE86-4609-A1C0-E847E01C1DB1}.RFReceiving|Any CPU.Deploy.0 = Release|Any CPU
		{0C53D573-DE86-4609-A1C0-E847E01C1DB1}.Transfers|Any CPU.ActiveCfg = Release|Any CPU
		{0C53D573-DE86-4609-A1C0-E847E01C1DB1}.Transfers|Any CPU.Build.0 = Release|Any CPU
		{0C53D573-DE86-4609-A1C0-E847E01C1DB1}.Transfers|Any CPU.Deploy.0 = Release|Any CPU
		{6B530333-301D-40D3-B56B-A696C9FB4F69}.CycleCount|Any CPU.ActiveCfg = Release|Any CPU
		{6B530333-301D-40D3-B56B-A696C9FB4F69}.CycleCount|Any CPU.Build.0 = Release|Any CPU
		{6B530333-301D-40D3-B56B-A696C9FB4F69}.Debug|Any CPU.ActiveCfg = Debug|Any CPU
		{6B530333-301D-40D3-B56B-A696C9FB4F69}.Debug|Any CPU.Build.0 = Debug|Any CPU
		{6B530333-301D-40D3-B56B-A696C9FB4F69}.Pallets|Any CPU.ActiveCfg = Release|Any CPU
		{6B530333-301D-40D3-B56B-A696C9FB4F69}.Pallets|Any CPU.Build.0 = Release|Any CPU
		{6B530333-301D-40D3-B56B-A696C9FB4F69}.Release|Any CPU.ActiveCfg = Release|Any CPU
		{6B530333-301D-40D3-B56B-A696C9FB4F69}.Release|Any CPU.Build.0 = Release|Any CPU
		{6B530333-301D-40D3-B56B-A696C9FB4F69}.Repack|Any CPU.ActiveCfg = Release|Any CPU
		{6B530333-301D-40D3-B56B-A696C9FB4F69}.Repack|Any CPU.Build.0 = Release|Any CPU
		{6B530333-301D-40D3-B56B-A696C9FB4F69}.RFReceiving|Any CPU.ActiveCfg = Release|Any CPU
		{6B530333-301D-40D3-B56B-A696C9FB4F69}.RFReceiving|Any CPU.Build.0 = Release|Any CPU
		{6B530333-301D-40D3-B56B-A696C9FB4F69}.Transfers|Any CPU.ActiveCfg = Release|Any CPU
		{6B530333-301D-40D3-B56B-A696C9FB4F69}.Transfers|Any CPU.Build.0 = Release|Any CPU
		{5ABA4FEA-4FBC-4B45-824E-3BF8623C2DB8}.CycleCount|Any CPU.ActiveCfg = CycleCount|Any CPU
		{5ABA4FEA-4FBC-4B45-824E-3BF8623C2DB8}.CycleCount|Any CPU.Build.0 = CycleCount|Any CPU
		{5ABA4FEA-4FBC-4B45-824E-3BF8623C2DB8}.Debug|Any CPU.ActiveCfg = Debug|Any CPU
		{5ABA4FEA-4FBC-4B45-824E-3BF8623C2DB8}.Debug|Any CPU.Build.0 = Debug|Any CPU
		{5ABA4FEA-4FBC-4B45-824E-3BF8623C2DB8}.Pallets|Any CPU.ActiveCfg = Pallets|Any CPU
		{5ABA4FEA-4FBC-4B45-824E-3BF8623C2DB8}.Pallets|Any CPU.Build.0 = Pallets|Any CPU
		{5ABA4FEA-4FBC-4B45-824E-3BF8623C2DB8}.Release|Any CPU.ActiveCfg = Release|Any CPU
		{5ABA4FEA-4FBC-4B45-824E-3BF8623C2DB8}.Release|Any CPU.Build.0 = Release|Any CPU
		{5ABA4FEA-4FBC-4B45-824E-3BF8623C2DB8}.Repack|Any CPU.ActiveCfg = Repack|Any CPU
		{5ABA4FEA-4FBC-4B45-824E-3BF8623C2DB8}.Repack|Any CPU.Build.0 = Repack|Any CPU
		{5ABA4FEA-4FBC-4B45-824E-3BF8623C2DB8}.RFReceiving|Any CPU.ActiveCfg = RFReceiving|Any CPU
		{5ABA4FEA-4FBC-4B45-824E-3BF8623C2DB8}.RFReceiving|Any CPU.Build.0 = RFReceiving|Any CPU
		{5ABA4FEA-4FBC-4B45-824E-3BF8623C2DB8}.Transfers|Any CPU.ActiveCfg = Transfers|Any CPU
		{5ABA4FEA-4FBC-4B45-824E-3BF8623C2DB8}.Transfers|Any CPU.Build.0 = Transfers|Any CPU
		{BD16241A-A893-4868-B9BE-6FCB659DF41F}.CycleCount|Any CPU.ActiveCfg = CycleCount|Any CPU
		{BD16241A-A893-4868-B9BE-6FCB659DF41F}.CycleCount|Any CPU.Build.0 = CycleCount|Any CPU
		{BD16241A-A893-4868-B9BE-6FCB659DF41F}.Debug|Any CPU.ActiveCfg = Debug|Any CPU
		{BD16241A-A893-4868-B9BE-6FCB659DF41F}.Debug|Any CPU.Build.0 = Debug|Any CPU
		{BD16241A-A893-4868-B9BE-6FCB659DF41F}.Pallets|Any CPU.ActiveCfg = Pallets|Any CPU
		{BD16241A-A893-4868-B9BE-6FCB659DF41F}.Pallets|Any CPU.Build.0 = Pallets|Any CPU
		{BD16241A-A893-4868-B9BE-6FCB659DF41F}.Release|Any CPU.ActiveCfg = Release|Any CPU
		{BD16241A-A893-4868-B9BE-6FCB659DF41F}.Release|Any CPU.Build.0 = Release|Any CPU
		{BD16241A-A893-4868-B9BE-6FCB659DF41F}.Repack|Any CPU.ActiveCfg = Repack|Any CPU
		{BD16241A-A893-4868-B9BE-6FCB659DF41F}.Repack|Any CPU.Build.0 = Repack|Any CPU
		{BD16241A-A893-4868-B9BE-6FCB659DF41F}.RFReceiving|Any CPU.ActiveCfg = RFReceiving|Any CPU
		{BD16241A-A893-4868-B9BE-6FCB659DF41F}.RFReceiving|Any CPU.Build.0 = RFReceiving|Any CPU
		{BD16241A-A893-4868-B9BE-6FCB659DF41F}.Transfers|Any CPU.ActiveCfg = Transfers|Any CPU
		{BD16241A-A893-4868-B9BE-6FCB659DF41F}.Transfers|Any CPU.Build.0 = Transfers|Any CPU
	EndGlobalSection
	GlobalSection(SolutionProperties) = preSolution
		HideSolutionNode = FALSE
	EndGlobalSection
	GlobalSection(NestedProjects) = preSolution
		{60DB29CD-0F27-473A-B42B-64240BE3E8AC} = {B2FEA853-1393-4C21-B7A7-75310791A81B}
		{3A628CEE-EAE1-4A6F-9908-779B5C93AFD3} = {B2FEA853-1393-4C21-B7A7-75310791A81B}
		{6B530333-301D-40D3-B56B-A696C9FB4F69} = {B2FEA853-1393-4C21-B7A7-75310791A81B}
		{5ABA4FEA-4FBC-4B45-824E-3BF8623C2DB8} = {B2FEA853-1393-4C21-B7A7-75310791A81B}
		{BD16241A-A893-4868-B9BE-6FCB659DF41F} = {B2FEA853-1393-4C21-B7A7-75310791A81B}
		{0C53D573-DE86-4609-A1C0-E847E01C1DB1} = {021A18B6-5A21-4227-89E0-F1E75D9FE90B}
	EndGlobalSection
EndGlobal
