
Microsoft Visual Studio Solution File, Format Version 12.00
# Visual Studio 2012
Project("{FAE04EC0-301F-11D3-BF4B-00C04F79EFBC}") = "QuoteLog", "QuoteLog\QuoteLog.csproj", "{6F72833E-F7D2-47A6-97C9-2819E9623955}"
EndProject
Project("{FAE04EC0-301F-11D3-BF4B-00C04F79EFBC}") = "QuoteLogTest.Console", "QuoteLogTest.Console\QuoteLogTest.Console.csproj", "{D5AEF5AC-F79C-4A12-9FDD-92CC1C67CB58}"
EndProject
Project("{FAE04EC0-301F-11D3-BF4B-00C04F79EFBC}") = "QuoteLogGrid", "QuoteLogGrid\QuoteLogGrid.csproj", "{335B6C2F-552E-49A0-8373-51078D9D1160}"
EndProject
Project("{2150E333-8FDC-42A3-9474-1A3956D46DE8}") = "Common", "Common", "{94EF72FE-AC6C-478C-AEA6-734BD69054E3}"
EndProject
Project("{FAE04EC0-301F-11D3-BF4B-00C04F79EFBC}") = "QuoteLogData", "QuoteLogData\QuoteLogData.csproj", "{BFB96AEC-C530-462F-AF2F-FB5367767807}"
EndProject
Project("{2150E333-8FDC-42A3-9474-1A3956D46DE8}") = "Win", "Win", "{7C37468B-13E1-4268-848D-BA5408CCE3E3}"
EndProject
Project("{2150E333-8FDC-42A3-9474-1A3956D46DE8}") = "Test", "Test", "{499FDA82-481B-4851-BDB4-CA64F2EA392A}"
EndProject
Project("{6141683F-8A12-4E36-9623-2EB02B2C2303}") = "QuoteLog_Win_Setup", "QuoteLog_Win_Setup\QuoteLog_Win_Setup.isproj", "{CB8F873F-5C34-4C87-89CB-ABFB14E8237E}"
EndProject
Project("{FAE04EC0-301F-11D3-BF4B-00C04F79EFBC}") = "QuoteLogMetrics", "QuoteLogMetrics\QuoteLogMetrics.csproj", "{AD3A0CCE-F5DA-415C-94E0-36BD929C1632}"
EndProject
Global
	GlobalSection(SolutionConfigurationPlatforms) = preSolution
		CD_ROM|Any CPU = CD_ROM|Any CPU
		Debug|Any CPU = Debug|Any CPU
		DVD-5|Any CPU = DVD-5|Any CPU
		Release|Any CPU = Release|Any CPU
		SingleImage|Any CPU = SingleImage|Any CPU
	EndGlobalSection
	GlobalSection(ProjectConfigurationPlatforms) = postSolution
		{6F72833E-F7D2-47A6-97C9-2819E9623955}.CD_ROM|Any CPU.ActiveCfg = Release|Any CPU
		{6F72833E-F7D2-47A6-97C9-2819E9623955}.CD_ROM|Any CPU.Build.0 = Release|Any CPU
		{6F72833E-F7D2-47A6-97C9-2819E9623955}.Debug|Any CPU.ActiveCfg = Debug|Any CPU
		{6F72833E-F7D2-47A6-97C9-2819E9623955}.Debug|Any CPU.Build.0 = Debug|Any CPU
		{6F72833E-F7D2-47A6-97C9-2819E9623955}.DVD-5|Any CPU.ActiveCfg = Debug|Any CPU
		{6F72833E-F7D2-47A6-97C9-2819E9623955}.DVD-5|Any CPU.Build.0 = Debug|Any CPU
		{6F72833E-F7D2-47A6-97C9-2819E9623955}.Release|Any CPU.ActiveCfg = Release|Any CPU
		{6F72833E-F7D2-47A6-97C9-2819E9623955}.Release|Any CPU.Build.0 = Release|Any CPU
		{6F72833E-F7D2-47A6-97C9-2819E9623955}.SingleImage|Any CPU.ActiveCfg = Release|Any CPU
		{6F72833E-F7D2-47A6-97C9-2819E9623955}.SingleImage|Any CPU.Build.0 = Release|Any CPU
		{D5AEF5AC-F79C-4A12-9FDD-92CC1C67CB58}.CD_ROM|Any CPU.ActiveCfg = Release|Any CPU
		{D5AEF5AC-F79C-4A12-9FDD-92CC1C67CB58}.CD_ROM|Any CPU.Build.0 = Release|Any CPU
		{D5AEF5AC-F79C-4A12-9FDD-92CC1C67CB58}.Debug|Any CPU.ActiveCfg = Debug|Any CPU
		{D5AEF5AC-F79C-4A12-9FDD-92CC1C67CB58}.Debug|Any CPU.Build.0 = Debug|Any CPU
		{D5AEF5AC-F79C-4A12-9FDD-92CC1C67CB58}.DVD-5|Any CPU.ActiveCfg = Debug|Any CPU
		{D5AEF5AC-F79C-4A12-9FDD-92CC1C67CB58}.DVD-5|Any CPU.Build.0 = Debug|Any CPU
		{D5AEF5AC-F79C-4A12-9FDD-92CC1C67CB58}.Release|Any CPU.ActiveCfg = Release|Any CPU
		{D5AEF5AC-F79C-4A12-9FDD-92CC1C67CB58}.Release|Any CPU.Build.0 = Release|Any CPU
		{D5AEF5AC-F79C-4A12-9FDD-92CC1C67CB58}.SingleImage|Any CPU.ActiveCfg = Release|Any CPU
		{D5AEF5AC-F79C-4A12-9FDD-92CC1C67CB58}.SingleImage|Any CPU.Build.0 = Release|Any CPU
		{335B6C2F-552E-49A0-8373-51078D9D1160}.CD_ROM|Any CPU.ActiveCfg = Release|Any CPU
		{335B6C2F-552E-49A0-8373-51078D9D1160}.CD_ROM|Any CPU.Build.0 = Release|Any CPU
		{335B6C2F-552E-49A0-8373-51078D9D1160}.Debug|Any CPU.ActiveCfg = Debug|Any CPU
		{335B6C2F-552E-49A0-8373-51078D9D1160}.Debug|Any CPU.Build.0 = Debug|Any CPU
		{335B6C2F-552E-49A0-8373-51078D9D1160}.DVD-5|Any CPU.ActiveCfg = Debug|Any CPU
		{335B6C2F-552E-49A0-8373-51078D9D1160}.DVD-5|Any CPU.Build.0 = Debug|Any CPU
		{335B6C2F-552E-49A0-8373-51078D9D1160}.Release|Any CPU.ActiveCfg = Release|Any CPU
		{335B6C2F-552E-49A0-8373-51078D9D1160}.Release|Any CPU.Build.0 = Release|Any CPU
		{335B6C2F-552E-49A0-8373-51078D9D1160}.SingleImage|Any CPU.ActiveCfg = Release|Any CPU
		{335B6C2F-552E-49A0-8373-51078D9D1160}.SingleImage|Any CPU.Build.0 = Release|Any CPU
		{BFB96AEC-C530-462F-AF2F-FB5367767807}.CD_ROM|Any CPU.ActiveCfg = Release|Any CPU
		{BFB96AEC-C530-462F-AF2F-FB5367767807}.CD_ROM|Any CPU.Build.0 = Release|Any CPU
		{BFB96AEC-C530-462F-AF2F-FB5367767807}.Debug|Any CPU.ActiveCfg = Debug|Any CPU
		{BFB96AEC-C530-462F-AF2F-FB5367767807}.Debug|Any CPU.Build.0 = Debug|Any CPU
		{BFB96AEC-C530-462F-AF2F-FB5367767807}.DVD-5|Any CPU.ActiveCfg = Debug|Any CPU
		{BFB96AEC-C530-462F-AF2F-FB5367767807}.DVD-5|Any CPU.Build.0 = Debug|Any CPU
		{BFB96AEC-C530-462F-AF2F-FB5367767807}.Release|Any CPU.ActiveCfg = Release|Any CPU
		{BFB96AEC-C530-462F-AF2F-FB5367767807}.Release|Any CPU.Build.0 = Release|Any CPU
		{BFB96AEC-C530-462F-AF2F-FB5367767807}.SingleImage|Any CPU.ActiveCfg = Release|Any CPU
		{BFB96AEC-C530-462F-AF2F-FB5367767807}.SingleImage|Any CPU.Build.0 = Release|Any CPU
		{CB8F873F-5C34-4C87-89CB-ABFB14E8237E}.CD_ROM|Any CPU.ActiveCfg = CD_ROM
		{CB8F873F-5C34-4C87-89CB-ABFB14E8237E}.CD_ROM|Any CPU.Build.0 = CD_ROM
		{CB8F873F-5C34-4C87-89CB-ABFB14E8237E}.Debug|Any CPU.ActiveCfg = DVD-5
		{CB8F873F-5C34-4C87-89CB-ABFB14E8237E}.Debug|Any CPU.Build.0 = DVD-5
		{CB8F873F-5C34-4C87-89CB-ABFB14E8237E}.DVD-5|Any CPU.ActiveCfg = DVD-5
		{CB8F873F-5C34-4C87-89CB-ABFB14E8237E}.DVD-5|Any CPU.Build.0 = DVD-5
		{CB8F873F-5C34-4C87-89CB-ABFB14E8237E}.Release|Any CPU.ActiveCfg = SingleImage
		{CB8F873F-5C34-4C87-89CB-ABFB14E8237E}.Release|Any CPU.Build.0 = SingleImage
		{CB8F873F-5C34-4C87-89CB-ABFB14E8237E}.SingleImage|Any CPU.ActiveCfg = SingleImage
		{CB8F873F-5C34-4C87-89CB-ABFB14E8237E}.SingleImage|Any CPU.Build.0 = SingleImage
		{AD3A0CCE-F5DA-415C-94E0-36BD929C1632}.CD_ROM|Any CPU.ActiveCfg = Release|Any CPU
		{AD3A0CCE-F5DA-415C-94E0-36BD929C1632}.CD_ROM|Any CPU.Build.0 = Release|Any CPU
		{AD3A0CCE-F5DA-415C-94E0-36BD929C1632}.Debug|Any CPU.ActiveCfg = Debug|Any CPU
		{AD3A0CCE-F5DA-415C-94E0-36BD929C1632}.Debug|Any CPU.Build.0 = Debug|Any CPU
		{AD3A0CCE-F5DA-415C-94E0-36BD929C1632}.DVD-5|Any CPU.ActiveCfg = Debug|Any CPU
		{AD3A0CCE-F5DA-415C-94E0-36BD929C1632}.DVD-5|Any CPU.Build.0 = Debug|Any CPU
		{AD3A0CCE-F5DA-415C-94E0-36BD929C1632}.Release|Any CPU.ActiveCfg = Release|Any CPU
		{AD3A0CCE-F5DA-415C-94E0-36BD929C1632}.Release|Any CPU.Build.0 = Release|Any CPU
		{AD3A0CCE-F5DA-415C-94E0-36BD929C1632}.SingleImage|Any CPU.ActiveCfg = Release|Any CPU
		{AD3A0CCE-F5DA-415C-94E0-36BD929C1632}.SingleImage|Any CPU.Build.0 = Release|Any CPU
	EndGlobalSection
	GlobalSection(SolutionProperties) = preSolution
		HideSolutionNode = FALSE
	EndGlobalSection
	GlobalSection(NestedProjects) = preSolution
		{335B6C2F-552E-49A0-8373-51078D9D1160} = {7C37468B-13E1-4268-848D-BA5408CCE3E3}
		{6F72833E-F7D2-47A6-97C9-2819E9623955} = {7C37468B-13E1-4268-848D-BA5408CCE3E3}
		{AD3A0CCE-F5DA-415C-94E0-36BD929C1632} = {7C37468B-13E1-4268-848D-BA5408CCE3E3}
		{D5AEF5AC-F79C-4A12-9FDD-92CC1C67CB58} = {499FDA82-481B-4851-BDB4-CA64F2EA392A}
		{BFB96AEC-C530-462F-AF2F-FB5367767807} = {94EF72FE-AC6C-478C-AEA6-734BD69054E3}
	EndGlobalSection
EndGlobal
