
Microsoft Visual Studio Solution File, Format Version 12.00
# Visual Studio 2012
Project("{FAE04EC0-301F-11D3-BF4B-00C04F79EFBC}") = "FASTT", "FASTT\FASTT.csproj", "{ACD3E63F-89E2-4782-A360-AE0A3A7943F9}"
EndProject
Project("{FAE04EC0-301F-11D3-BF4B-00C04F79EFBC}") = "Fx.RFID.Controller", "Fx.RFID.Controller\Fx.RFID.Controller.csproj", "{6795C625-9429-4CAD-9F14-5813EE1D67F1}"
EndProject
Project("{FAE04EC0-301F-11D3-BF4B-00C04F79EFBC}") = "Fx.WinForms.Flat", "Fx.WinForms.Flat\Fx.WinForms.Flat.csproj", "{5E3C1188-AF29-46E7-8371-D3EEB667C8A1}"
EndProject
Global
	GlobalSection(SolutionConfigurationPlatforms) = preSolution
		Debug|Any CPU = Debug|Any CPU
		Release|Any CPU = Release|Any CPU
		Test|Any CPU = Test|Any CPU
	EndGlobalSection
	GlobalSection(ProjectConfigurationPlatforms) = postSolution
		{ACD3E63F-89E2-4782-A360-AE0A3A7943F9}.Debug|Any CPU.ActiveCfg = Debug|Any CPU
		{ACD3E63F-89E2-4782-A360-AE0A3A7943F9}.Debug|Any CPU.Build.0 = Debug|Any CPU
		{ACD3E63F-89E2-4782-A360-AE0A3A7943F9}.Release|Any CPU.ActiveCfg = Release|Any CPU
		{ACD3E63F-89E2-4782-A360-AE0A3A7943F9}.Release|Any CPU.Build.0 = Release|Any CPU
		{ACD3E63F-89E2-4782-A360-AE0A3A7943F9}.Test|Any CPU.ActiveCfg = Release|Any CPU
		{ACD3E63F-89E2-4782-A360-AE0A3A7943F9}.Test|Any CPU.Build.0 = Release|Any CPU
		{6795C625-9429-4CAD-9F14-5813EE1D67F1}.Debug|Any CPU.ActiveCfg = Debug|Any CPU
		{6795C625-9429-4CAD-9F14-5813EE1D67F1}.Debug|Any CPU.Build.0 = Debug|Any CPU
		{6795C625-9429-4CAD-9F14-5813EE1D67F1}.Release|Any CPU.ActiveCfg = Release|Any CPU
		{6795C625-9429-4CAD-9F14-5813EE1D67F1}.Release|Any CPU.Build.0 = Release|Any CPU
		{6795C625-9429-4CAD-9F14-5813EE1D67F1}.Test|Any CPU.ActiveCfg = Test|Any CPU
		{6795C625-9429-4CAD-9F14-5813EE1D67F1}.Test|Any CPU.Build.0 = Test|Any CPU
		{5E3C1188-AF29-46E7-8371-D3EEB667C8A1}.Debug|Any CPU.ActiveCfg = Debug|Any CPU
		{5E3C1188-AF29-46E7-8371-D3EEB667C8A1}.Debug|Any CPU.Build.0 = Debug|Any CPU
		{5E3C1188-AF29-46E7-8371-D3EEB667C8A1}.Release|Any CPU.ActiveCfg = Release|Any CPU
		{5E3C1188-AF29-46E7-8371-D3EEB667C8A1}.Release|Any CPU.Build.0 = Release|Any CPU
		{5E3C1188-AF29-46E7-8371-D3EEB667C8A1}.Test|Any CPU.ActiveCfg = Release|Any CPU
		{5E3C1188-AF29-46E7-8371-D3EEB667C8A1}.Test|Any CPU.Build.0 = Release|Any CPU
	EndGlobalSection
	GlobalSection(SolutionProperties) = preSolution
		HideSolutionNode = FALSE
	EndGlobalSection
EndGlobal
