
Microsoft Visual Studio Solution File, Format Version 12.00
# Visual Studio 15
VisualStudioVersion = 15.0.26430.15
MinimumVisualStudioVersion = 10.0.40219.1
Project("{2150E333-8FDC-42A3-9474-1A3956D46DE8}") = "Data", "Data", "{54096EB0-DD12-4AC8-B41C-C7F7917D7841}"
EndProject
Project("{FAE04EC0-301F-11D3-BF4B-00C04F79EFBC}") = "FxFTP.Desktop", "FxFTP.Desktop\FxFTP.Desktop.csproj", "{19980176-65A1-453D-911F-910A8E648217}"
EndProject
Project("{FAE04EC0-301F-11D3-BF4B-00C04F79EFBC}") = "FxFTP.Model", "FxFTP.Model\FxFTP.Model.csproj", "{9837DFE6-6654-4BEB-B205-1535890DE4F7}"
EndProject
Project("{FAE04EC0-301F-11D3-BF4B-00C04F79EFBC}") = "FxFTP.Data", "FxFTP.Data\FxFTP.Data.csproj", "{05FC66E1-F89B-434C-AF4C-601B75843DAE}"
EndProject
Global
	GlobalSection(SolutionConfigurationPlatforms) = preSolution
		Debug|Any CPU = Debug|Any CPU
		Release|Any CPU = Release|Any CPU
	EndGlobalSection
	GlobalSection(ProjectConfigurationPlatforms) = postSolution
		{19980176-65A1-453D-911F-910A8E648217}.Debug|Any CPU.ActiveCfg = Debug|Any CPU
		{19980176-65A1-453D-911F-910A8E648217}.Debug|Any CPU.Build.0 = Debug|Any CPU
		{19980176-65A1-453D-911F-910A8E648217}.Release|Any CPU.ActiveCfg = Release|Any CPU
		{19980176-65A1-453D-911F-910A8E648217}.Release|Any CPU.Build.0 = Release|Any CPU
		{9837DFE6-6654-4BEB-B205-1535890DE4F7}.Debug|Any CPU.ActiveCfg = Debug|Any CPU
		{9837DFE6-6654-4BEB-B205-1535890DE4F7}.Debug|Any CPU.Build.0 = Debug|Any CPU
		{9837DFE6-6654-4BEB-B205-1535890DE4F7}.Release|Any CPU.ActiveCfg = Release|Any CPU
		{9837DFE6-6654-4BEB-B205-1535890DE4F7}.Release|Any CPU.Build.0 = Release|Any CPU
		{05FC66E1-F89B-434C-AF4C-601B75843DAE}.Debug|Any CPU.ActiveCfg = Debug|Any CPU
		{05FC66E1-F89B-434C-AF4C-601B75843DAE}.Debug|Any CPU.Build.0 = Debug|Any CPU
		{05FC66E1-F89B-434C-AF4C-601B75843DAE}.Release|Any CPU.ActiveCfg = Release|Any CPU
		{05FC66E1-F89B-434C-AF4C-601B75843DAE}.Release|Any CPU.Build.0 = Release|Any CPU
	EndGlobalSection
	GlobalSection(SolutionProperties) = preSolution
		HideSolutionNode = FALSE
	EndGlobalSection
	GlobalSection(NestedProjects) = preSolution
		{9837DFE6-6654-4BEB-B205-1535890DE4F7} = {54096EB0-DD12-4AC8-B41C-C7F7917D7841}
		{05FC66E1-F89B-434C-AF4C-601B75843DAE} = {54096EB0-DD12-4AC8-B41C-C7F7917D7841}
	EndGlobalSection
EndGlobal
