
Microsoft Visual Studio Solution File, Format Version 9.00
# Visual Studio 2005
Project("{FAE04EC0-301F-11D3-BF4B-00C04F79EFBC}") = "LabelVerify", "LabelVerify\LabelVerify\LabelVerify.csproj", "{419DCE03-89C3-413C-ADA1-5D42B323230E}"
EndProject
Project("{FAE04EC0-301F-11D3-BF4B-00C04F79EFBC}") = "SymbolRFGun", "SymbolRFGun\SymbolRFGun.csproj", "{6C13AF88-615C-44D3-B8AB-90F27A3B5B4C}"
EndProject
Global
	GlobalSection(SolutionConfigurationPlatforms) = preSolution
		Debug|Any CPU = Debug|Any CPU
		Release|Any CPU = Release|Any CPU
	EndGlobalSection
	GlobalSection(ProjectConfigurationPlatforms) = postSolution
		{419DCE03-89C3-413C-ADA1-5D42B323230E}.Debug|Any CPU.ActiveCfg = Debug|Any CPU
		{419DCE03-89C3-413C-ADA1-5D42B323230E}.Debug|Any CPU.Build.0 = Debug|Any CPU
		{419DCE03-89C3-413C-ADA1-5D42B323230E}.Debug|Any CPU.Deploy.0 = Debug|Any CPU
		{419DCE03-89C3-413C-ADA1-5D42B323230E}.Release|Any CPU.ActiveCfg = Release|Any CPU
		{419DCE03-89C3-413C-ADA1-5D42B323230E}.Release|Any CPU.Build.0 = Release|Any CPU
		{419DCE03-89C3-413C-ADA1-5D42B323230E}.Release|Any CPU.Deploy.0 = Release|Any CPU
		{6C13AF88-615C-44D3-B8AB-90F27A3B5B4C}.Debug|Any CPU.ActiveCfg = Debug|Any CPU
		{6C13AF88-615C-44D3-B8AB-90F27A3B5B4C}.Debug|Any CPU.Build.0 = Debug|Any CPU
		{6C13AF88-615C-44D3-B8AB-90F27A3B5B4C}.Release|Any CPU.ActiveCfg = Release|Any CPU
		{6C13AF88-615C-44D3-B8AB-90F27A3B5B4C}.Release|Any CPU.Build.0 = Release|Any CPU
	EndGlobalSection
	GlobalSection(SolutionProperties) = preSolution
		HideSolutionNode = FALSE
	EndGlobalSection
EndGlobal
